
Microsoft Visual Studio Solution File, Format Version 12.00
# Visual Studio 15
VisualStudioVersion = 15.0.27428.2043
MinimumVisualStudioVersion = 10.0.40219.1
Project("{FAE04EC0-301F-11D3-BF4B-00C04F79EFBC}") = "Seculetter", "Seculetter\Seculetter.csproj", "{C59C35E1-CFF3-4700-BE97-303E3A3ED653}"
EndProject
Global
	GlobalSection(SolutionConfigurationPlatforms) = preSolution
		Debug|Any CPU = Debug|Any CPU
		Release|Any CPU = Release|Any CPU
	EndGlobalSection
	GlobalSection(ProjectConfigurationPlatforms) = postSolution
		{C59C35E1-CFF3-4700-BE97-303E3A3ED653}.Debug|Any CPU.ActiveCfg = Debug|Any CPU
		{C59C35E1-CFF3-4700-BE97-303E3A3ED653}.Debug|Any CPU.Build.0 = Debug|Any CPU
		{C59C35E1-CFF3-4700-BE97-303E3A3ED653}.Release|Any CPU.ActiveCfg = Release|Any CPU
		{C59C35E1-CFF3-4700-BE97-303E3A3ED653}.Release|Any CPU.Build.0 = Release|Any CPU
	EndGlobalSection
	GlobalSection(SolutionProperties) = preSolution
		HideSolutionNode = FALSE
	EndGlobalSection
	GlobalSection(ExtensibilityGlobals) = postSolution
		SolutionGuid = {9E45B1C0-C56B-497D-BF43-5904EC0B21ED}
	EndGlobalSection
EndGlobal
